PODS:
  - Alamofire (4.8.2)
  - SDWebImage (5.0.6):
    - SDWebImage/Core (= 5.0.6)
  - SDWebImage/Core (5.0.6)
  - SwiftyJSON (5.0.0)
  - UIImageColors (2.1.0)

DEPENDENCIES:
  - Alamofire
  - SDWebImage (~> 5.0)
  - SwiftyJSON
  - UIImageColors

SPEC REPOS:
  https://github.com/cocoapods/specs.git:
    - Alamofire
    - SDWebImage
    - SwiftyJSON
    - UIImageColors

SPEC CHECKSUMS:
  Alamofire: ae5c501addb7afdbb13687d7f2f722c78734c2d3
  SDWebImage: 920f1a2ff1ca8296ad34f6e0510a1ef1d70ac965
  SwiftyJSON: 36413e04c44ee145039d332b4f4e2d3e8d6c4db7
  UIImageColors: d2ef3b0877d203cbb06489eeb78ea8b7788caabe

PODFILE CHECKSUM: 177e05901016a800fc0109dea1cc29d4f14f048f

COCOAPODS: 1.6.1
