// !$*UTF8*$!
{
	archiveVersion = 1;
	classes = {
	};
	objectVersion = 50;
	objects = {

/* Begin PBXBuildFile section */
		36C4076236019D712D7982CC /* Pods_LanyardTests.framework in Frameworks */ = {isa = PBXBuildFile; fileRef = 321F68E8E88F5A092C06429C /* Pods_LanyardTests.framework */; };
		5E47215ECF38B0834932E455 /* Pods_Lanyard.framework in Frameworks */ = {isa = PBXBuildFile; fileRef = EC14244351000E520E848240 /* Pods_Lanyard.framework */; };
		EA0DFB2722C457A800136F41 /* Account.swift in Sources */ = {isa = PBXBuildFile; fileRef = EA0DFB2622C457A800136F41 /* Account.swift */; };
		EA0DFB2922C45BBA00136F41 /* Company.swift in Sources */ = {isa = PBXBuildFile; fileRef = EA0DFB2822C45BBA00136F41 /* Company.swift */; };
		EA5A748821EACA700028823C /* UISuggestionTextField.swift in Sources */ = {isa = PBXBuildFile; fileRef = EA5A748721EACA700028823C /* UISuggestionTextField.swift */; };
		EA5A748C21FBEB1A0028823C /* StatusBarNavigationController.swift in Sources */ = {isa = PBXBuildFile; fileRef = EA5A748B21FBEB1A0028823C /* StatusBarNavigationController.swift */; };
		EA5A748E21FBF1C90028823C /* TestViewController.swift in Sources */ = {isa = PBXBuildFile; fileRef = EA5A748D21FBF1C90028823C /* TestViewController.swift */; };
		EA6CD74B21D16AAC00DE69BC /* AddUserVC.swift in Sources */ = {isa = PBXBuildFile; fileRef = EA6CD74A21D16AAC00DE69BC /* AddUserVC.swift */; };
		EA6CD74D21D4019300DE69BC /* AddPasswordVC.swift in Sources */ = {isa = PBXBuildFile; fileRef = EA6CD74C21D4019300DE69BC /* AddPasswordVC.swift */; };
		EA8CD06121DAB918009528DE /* PageViewController.swift in Sources */ = {isa = PBXBuildFile; fileRef = EA8CD06021DAB918009528DE /* PageViewController.swift */; };
		EA93FC9321CF250D002A91A0 /* MainViewController.swift in Sources */ = {isa = PBXBuildFile; fileRef = EA93FC9221CF250D002A91A0 /* MainViewController.swift */; };
		EA93FC9521CF27E4002A91A0 /* AddAccountVC.swift in Sources */ = {isa = PBXBuildFile; fileRef = EA93FC9421CF27E4002A91A0 /* AddAccountVC.swift */; };
		EA93FC9721CF2B22002A91A0 /* DetailVC.swift in Sources */ = {isa = PBXBuildFile; fileRef = EA93FC9621CF2B22002A91A0 /* DetailVC.swift */; };
		EA9E0E032253E92A009CCCBF /* ViewController.swift in Sources */ = {isa = PBXBuildFile; fileRef = EA9E0E022253E92A009CCCBF /* ViewController.swift */; };
		EAAC6E4F21C45580004334E0 /* AppDelegate.swift in Sources */ = {isa = PBXBuildFile; fileRef = EAAC6E4E21C45580004334E0 /* AppDelegate.swift */; };
		EAAC6E5621C45583004334E0 /* Assets.xcassets in Resources */ = {isa = PBXBuildFile; fileRef = EAAC6E5521C45583004334E0 /* Assets.xcassets */; };
		EAAC6E6421C45583004334E0 /* LanyardTests.swift in Sources */ = {isa = PBXBuildFile; fileRef = EAAC6E6321C45583004334E0 /* LanyardTests.swift */; };
		EABFCA7B22AC9B5000D9F597 /* UIKeyboardNotificationData.swift in Sources */ = {isa = PBXBuildFile; fileRef = EABFCA7A22AC9B5000D9F597 /* UIKeyboardNotificationData.swift */; };
/* End PBXBuildFile section */

/* Begin PBXContainerItemProxy section */
		EAAC6E6021C45583004334E0 /* PBXContainerItemProxy */ = {
			isa = PBXContainerItemProxy;
			containerPortal = EAAC6E4321C45580004334E0 /* Project object */;
			proxyType = 1;
			remoteGlobalIDString = EAAC6E4A21C45580004334E0;
			remoteInfo = Lanyard;
		};
/* End PBXContainerItemProxy section */

/* Begin PBXFileReference section */
		175789C33BBD99A60992D8AA /* Pods-Lanyard.release.xcconfig */ = {isa = PBXFileReference; includeInIndex = 1; lastKnownFileType = text.xcconfig; name = "Pods-Lanyard.release.xcconfig"; path = "Pods/Target Support Files/Pods-Lanyard/Pods-Lanyard.release.xcconfig"; sourceTree = "<group>"; };
		321F68E8E88F5A092C06429C /* Pods_LanyardTests.framework */ = {isa = PBXFileReference; explicitFileType = wrapper.framework; includeInIndex = 0; path = Pods_LanyardTests.framework; sourceTree = BUILT_PRODUCTS_DIR; };
		9365F6081CC02EBB3B66598D /* Pods-LanyardTests.release.xcconfig */ = {isa = PBXFileReference; includeInIndex = 1; lastKnownFileType = text.xcconfig; name = "Pods-LanyardTests.release.xcconfig"; path = "Pods/Target Support Files/Pods-LanyardTests/Pods-LanyardTests.release.xcconfig"; sourceTree = "<group>"; };
		E8B1FDF9B100412D6FD9A175 /* Pods-Lanyard.debug.xcconfig */ = {isa = PBXFileReference; includeInIndex = 1; lastKnownFileType = text.xcconfig; name = "Pods-Lanyard.debug.xcconfig"; path = "Pods/Target Support Files/Pods-Lanyard/Pods-Lanyard.debug.xcconfig"; sourceTree = "<group>"; };
		EA0DFB2622C457A800136F41 /* Account.swift */ = {isa = PBXFileReference; lastKnownFileType = sourcecode.swift; path = Account.swift; sourceTree = "<group>"; };
		EA0DFB2822C45BBA00136F41 /* Company.swift */ = {isa = PBXFileReference; lastKnownFileType = sourcecode.swift; path = Company.swift; sourceTree = "<group>"; };
		EA5A748721EACA700028823C /* UISuggestionTextField.swift */ = {isa = PBXFileReference; lastKnownFileType = sourcecode.swift; path = UISuggestionTextField.swift; sourceTree = "<group>"; };
		EA5A748B21FBEB1A0028823C /* StatusBarNavigationController.swift */ = {isa = PBXFileReference; lastKnownFileType = sourcecode.swift; path = StatusBarNavigationController.swift; sourceTree = "<group>"; };
		EA5A748D21FBF1C90028823C /* TestViewController.swift */ = {isa = PBXFileReference; lastKnownFileType = sourcecode.swift; path = TestViewController.swift; sourceTree = "<group>"; };
		EA6CD74A21D16AAC00DE69BC /* AddUserVC.swift */ = {isa = PBXFileReference; lastKnownFileType = sourcecode.swift; path = AddUserVC.swift; sourceTree = "<group>"; };
		EA6CD74C21D4019300DE69BC /* AddPasswordVC.swift */ = {isa = PBXFileReference; lastKnownFileType = sourcecode.swift; path = AddPasswordVC.swift; sourceTree = "<group>"; };
		EA8CD06021DAB918009528DE /* PageViewController.swift */ = {isa = PBXFileReference; lastKnownFileType = sourcecode.swift; path = PageViewController.swift; sourceTree = "<group>"; };
		EA93FC9221CF250D002A91A0 /* MainViewController.swift */ = {isa = PBXFileReference; lastKnownFileType = sourcecode.swift; path = MainViewController.swift; sourceTree = "<group>"; };
		EA93FC9421CF27E4002A91A0 /* AddAccountVC.swift */ = {isa = PBXFileReference; lastKnownFileType = sourcecode.swift; path = AddAccountVC.swift; sourceTree = "<group>"; };
		EA93FC9621CF2B22002A91A0 /* DetailVC.swift */ = {isa = PBXFileReference; lastKnownFileType = sourcecode.swift; path = DetailVC.swift; sourceTree = "<group>"; };
		EA9E0E022253E92A009CCCBF /* ViewController.swift */ = {isa = PBXFileReference; lastKnownFileType = sourcecode.swift; path = ViewController.swift; sourceTree = "<group>"; };
		EAAC6E4B21C45580004334E0 /* Lanyard.app */ = {isa = PBXFileReference; explicitFileType = wrapper.application; includeInIndex = 0; path = Lanyard.app; sourceTree = BUILT_PRODUCTS_DIR; };
		EAAC6E4E21C45580004334E0 /* AppDelegate.swift */ = {isa = PBXFileReference; lastKnownFileType = sourcecode.swift; name = AppDelegate.swift; path = ../AppDelegate.swift; sourceTree = "<group>"; };
		EAAC6E5521C45583004334E0 /* Assets.xcassets */ = {isa = PBXFileReference; lastKnownFileType = folder.assetcatalog; path = Assets.xcassets; sourceTree = "<group>"; };
		EAAC6E5A21C45583004334E0 /* Info.plist */ = {isa = PBXFileReference; lastKnownFileType = text.plist.xml; path = Info.plist; sourceTree = "<group>"; };
		EAAC6E5F21C45583004334E0 /* LanyardTests.xctest */ = {isa = PBXFileReference; explicitFileType = wrapper.cfbundle; includeInIndex = 0; path = LanyardTests.xctest; sourceTree = BUILT_PRODUCTS_DIR; };
		EAAC6E6321C45583004334E0 /* LanyardTests.swift */ = {isa = PBXFileReference; lastKnownFileType = sourcecode.swift; path = LanyardTests.swift; sourceTree = "<group>"; };
		EAAC6E6521C45583004334E0 /* Info.plist */ = {isa = PBXFileReference; lastKnownFileType = text.plist.xml; path = Info.plist; sourceTree = "<group>"; };
		EABFCA7A22AC9B5000D9F597 /* UIKeyboardNotificationData.swift */ = {isa = PBXFileReference; fileEncoding = 4; lastKnownFileType = sourcecode.swift; path = UIKeyboardNotificationData.swift; sourceTree = "<group>"; };
		EC14244351000E520E848240 /* Pods_Lanyard.framework */ = {isa = PBXFileReference; explicitFileType = wrapper.framework; includeInIndex = 0; path = Pods_Lanyard.framework; sourceTree = BUILT_PRODUCTS_DIR; };
		F52AF075E465067EB4B11069 /* Pods-LanyardTests.debug.xcconfig */ = {isa = PBXFileReference; includeInIndex = 1; lastKnownFileType = text.xcconfig; name = "Pods-LanyardTests.debug.xcconfig"; path = "Pods/Target Support Files/Pods-LanyardTests/Pods-LanyardTests.debug.xcconfig"; sourceTree = "<group>"; };
/* End PBXFileReference section */

/* Begin PBXFrameworksBuildPhase section */
		EAAC6E4821C45580004334E0 /* Frameworks */ = {
			isa = PBXFrameworksBuildPhase;
			buildActionMask = 2147483647;
			files = (
				5E47215ECF38B0834932E455 /* Pods_Lanyard.framework in Frameworks */,
			);
			runOnlyForDeploymentPostprocessing = 0;
		};
		EAAC6E5C21C45583004334E0 /* Frameworks */ = {
			isa = PBXFrameworksBuildPhase;
			buildActionMask = 2147483647;
			files = (
				36C4076236019D712D7982CC /* Pods_LanyardTests.framework in Frameworks */,
			);
			runOnlyForDeploymentPostprocessing = 0;
		};
/* End PBXFrameworksBuildPhase section */

/* Begin PBXGroup section */
		0D0847C310A71A46E97DCF2C /* Pods */ = {
			isa = PBXGroup;
			children = (
				E8B1FDF9B100412D6FD9A175 /* Pods-Lanyard.debug.xcconfig */,
				175789C33BBD99A60992D8AA /* Pods-Lanyard.release.xcconfig */,
				F52AF075E465067EB4B11069 /* Pods-LanyardTests.debug.xcconfig */,
				9365F6081CC02EBB3B66598D /* Pods-LanyardTests.release.xcconfig */,
			);
			name = Pods;
			sourceTree = "<group>";
		};
		9BB0C8811367FC820AE6FC65 /* Frameworks */ = {
			isa = PBXGroup;
			children = (
				EC14244351000E520E848240 /* Pods_Lanyard.framework */,
				321F68E8E88F5A092C06429C /* Pods_LanyardTests.framework */,
			);
			name = Frameworks;
			sourceTree = "<group>";
		};
		EAAC6E4221C45580004334E0 = {
			isa = PBXGroup;
			children = (
				EAAC6E4D21C45580004334E0 /* Lanyard */,
				EAAC6E6221C45583004334E0 /* LanyardTests */,
				EAAC6E4C21C45580004334E0 /* Products */,
				0D0847C310A71A46E97DCF2C /* Pods */,
				9BB0C8811367FC820AE6FC65 /* Frameworks */,
			);
			sourceTree = "<group>";
		};
		EAAC6E4C21C45580004334E0 /* Products */ = {
			isa = PBXGroup;
			children = (
				EAAC6E4B21C45580004334E0 /* Lanyard.app */,
				EAAC6E5F21C45583004334E0 /* LanyardTests.xctest */,
			);
			name = Products;
			sourceTree = "<group>";
		};
		EAAC6E4D21C45580004334E0 /* Lanyard */ = {
			isa = PBXGroup;
			children = (
				EAAC6E4E21C45580004334E0 /* AppDelegate.swift */,
				EA93FC9221CF250D002A91A0 /* MainViewController.swift */,
				EA9E0E022253E92A009CCCBF /* ViewController.swift */,
				EA93FC9621CF2B22002A91A0 /* DetailVC.swift */,
				EA5A748B21FBEB1A0028823C /* StatusBarNavigationController.swift */,
				EA5A748721EACA700028823C /* UISuggestionTextField.swift */,
				EA93FC9421CF27E4002A91A0 /* AddAccountVC.swift */,
				EABFCA7A22AC9B5000D9F597 /* UIKeyboardNotificationData.swift */,
				EA8CD06021DAB918009528DE /* PageViewController.swift */,
				EA6CD74A21D16AAC00DE69BC /* AddUserVC.swift */,
				EA5A748D21FBF1C90028823C /* TestViewController.swift */,
				EA6CD74C21D4019300DE69BC /* AddPasswordVC.swift */,
				EAAC6E5521C45583004334E0 /* Assets.xcassets */,
				EAAC6E5A21C45583004334E0 /* Info.plist */,
				EA0DFB2622C457A800136F41 /* Account.swift */,
				EA0DFB2822C45BBA00136F41 /* Company.swift */,
			);
			path = Lanyard;
			sourceTree = "<group>";
		};
		EAAC6E6221C45583004334E0 /* LanyardTests */ = {
			isa = PBXGroup;
			children = (
				EAAC6E6321C45583004334E0 /* LanyardTests.swift */,
				EAAC6E6521C45583004334E0 /* Info.plist */,
			);
			path = LanyardTests;
			sourceTree = "<group>";
		};
/* End PBXGroup section */

/* Begin PBXNativeTarget section */
		EAAC6E4A21C45580004334E0 /* Lanyard */ = {
			isa = PBXNativeTarget;
			buildConfigurationList = EAAC6E6821C45583004334E0 /* Build configuration list for PBXNativeTarget "Lanyard" */;
			buildPhases = (
				1474F53116FFE28B64D6AD49 /* [CP] Check Pods Manifest.lock */,
				EAAC6E4721C45580004334E0 /* Sources */,
				EAAC6E4821C45580004334E0 /* Frameworks */,
				EAAC6E4921C45580004334E0 /* Resources */,
				07D5265639C8CEA8B8275751 /* [CP] Embed Pods Frameworks */,
			);
			buildRules = (
			);
			dependencies = (
			);
			name = Lanyard;
			productName = Lanyard;
			productReference = EAAC6E4B21C45580004334E0 /* Lanyard.app */;
			productType = "com.apple.product-type.application";
		};
		EAAC6E5E21C45583004334E0 /* LanyardTests */ = {
			isa = PBXNativeTarget;
			buildConfigurationList = EAAC6E6B21C45583004334E0 /* Build configuration list for PBXNativeTarget "LanyardTests" */;
			buildPhases = (
				DFB9E60C3B76923989818546 /* [CP] Check Pods Manifest.lock */,
				EAAC6E5B21C45583004334E0 /* Sources */,
				EAAC6E5C21C45583004334E0 /* Frameworks */,
				EAAC6E5D21C45583004334E0 /* Resources */,
			);
			buildRules = (
			);
			dependencies = (
				EAAC6E6121C45583004334E0 /* PBXTargetDependency */,
			);
			name = LanyardTests;
			productName = LanyardTests;
			productReference = EAAC6E5F21C45583004334E0 /* LanyardTests.xctest */;
			productType = "com.apple.product-type.bundle.unit-test";
		};
/* End PBXNativeTarget section */

/* Begin PBXProject section */
		EAAC6E4321C45580004334E0 /* Project object */ = {
			isa = PBXProject;
			attributes = {
				LastSwiftUpdateCheck = 1000;
				LastUpgradeCheck = 1000;
				ORGANIZATIONNAME = "Nicholas Cooke";
				TargetAttributes = {
					EAAC6E4A21C45580004334E0 = {
						CreatedOnToolsVersion = 10.0;
						LastSwiftMigration = 1020;
					};
					EAAC6E5E21C45583004334E0 = {
						CreatedOnToolsVersion = 10.0;
						LastSwiftMigration = 1020;
						TestTargetID = EAAC6E4A21C45580004334E0;
					};
				};
			};
			buildConfigurationList = EAAC6E4621C45580004334E0 /* Build configuration list for PBXProject "Lanyard" */;
			compatibilityVersion = "Xcode 9.3";
			developmentRegion = en;
			hasScannedForEncodings = 0;
			knownRegions = (
				en,
				Base,
			);
			mainGroup = EAAC6E4221C45580004334E0;
			productRefGroup = EAAC6E4C21C45580004334E0 /* Products */;
			projectDirPath = "";
			projectRoot = "";
			targets = (
				EAAC6E4A21C45580004334E0 /* Lanyard */,
				EAAC6E5E21C45583004334E0 /* LanyardTests */,
			);
		};
/* End PBXProject section */

/* Begin PBXResourcesBuildPhase section */
		EAAC6E4921C45580004334E0 /* Resources */ = {
			isa = PBXResourcesBuildPhase;
			buildActionMask = 2147483647;
			files = (
				EAAC6E5621C45583004334E0 /* Assets.xcassets in Resources */,
			);
			runOnlyForDeploymentPostprocessing = 0;
		};
		EAAC6E5D21C45583004334E0 /* Resources */ = {
			isa = PBXResourcesBuildPhase;
			buildActionMask = 2147483647;
			files = (
			);
			runOnlyForDeploymentPostprocessing = 0;
		};
/* End PBXResourcesBuildPhase section */

/* Begin PBXShellScriptBuildPhase section */
		07D5265639C8CEA8B8275751 /* [CP] Embed Pods Frameworks */ = {
			isa = PBXShellScriptBuildPhase;
			buildActionMask = 2147483647;
			files = (
			);
			inputFileListPaths = (
			);
			inputPaths = (
				"${PODS_ROOT}/Target Support Files/Pods-Lanyard/Pods-Lanyard-frameworks.sh",
				"${BUILT_PRODUCTS_DIR}/Alamofire/Alamofire.framework",
				"${BUILT_PRODUCTS_DIR}/AlamofireImage/AlamofireImage.framework",
				"${BUILT_PRODUCTS_DIR}/SwiftyJSON/SwiftyJSON.framework",
				"${BUILT_PRODUCTS_DIR}/UIImageColors/UIImageColors.framework",
			);
			name = "[CP] Embed Pods Frameworks";
			outputFileListPaths = (
			);
			outputPaths = (
				"${TARGET_BUILD_DIR}/${FRAMEWORKS_FOLDER_PATH}/Alamofire.framework",
				"${TARGET_BUILD_DIR}/${FRAMEWORKS_FOLDER_PATH}/AlamofireImage.framework",
				"${TARGET_BUILD_DIR}/${FRAMEWORKS_FOLDER_PATH}/SwiftyJSON.framework",
				"${TARGET_BUILD_DIR}/${FRAMEWORKS_FOLDER_PATH}/UIImageColors.framework",
			);
			runOnlyForDeploymentPostprocessing = 0;
			shellPath = /bin/sh;
			shellScript = "\"${PODS_ROOT}/Target Support Files/Pods-Lanyard/Pods-Lanyard-frameworks.sh\"\n";
			showEnvVarsInLog = 0;
		};
		1474F53116FFE28B64D6AD49 /* [CP] Check Pods Manifest.lock */ = {
			isa = PBXShellScriptBuildPhase;
			buildActionMask = 2147483647;
			files = (
			);
			inputFileListPaths = (
			);
			inputPaths = (
				"${PODS_PODFILE_DIR_PATH}/Podfile.lock",
				"${PODS_ROOT}/Manifest.lock",
			);
			name = "[CP] Check Pods Manifest.lock";
			outputFileListPaths = (
			);
			outputPaths = (
				"$(DERIVED_FILE_DIR)/Pods-Lanyard-checkManifestLockResult.txt",
			);
			runOnlyForDeploymentPostprocessing = 0;
			shellPath = /bin/sh;
			shellScript = "diff \"${PODS_PODFILE_DIR_PATH}/Podfile.lock\" \"${PODS_ROOT}/Manifest.lock\" > /dev/null\nif [ $? != 0 ] ; then\n    # print error to STDERR\n    echo \"error: The sandbox is not in sync with the Podfile.lock. Run 'pod install' or update your CocoaPods installation.\" >&2\n    exit 1\nfi\n# This output is used by Xcode 'outputs' to avoid re-running this script phase.\necho \"SUCCESS\" > \"${SCRIPT_OUTPUT_FILE_0}\"\n";
			showEnvVarsInLog = 0;
		};
		DFB9E60C3B76923989818546 /* [CP] Check Pods Manifest.lock */ = {
			isa = PBXShellScriptBuildPhase;
			buildActionMask = 2147483647;
			files = (
			);
			inputFileListPaths = (
			);
			inputPaths = (
				"${PODS_PODFILE_DIR_PATH}/Podfile.lock",
				"${PODS_ROOT}/Manifest.lock",
			);
			name = "[CP] Check Pods Manifest.lock";
			outputFileListPaths = (
			);
			outputPaths = (
				"$(DERIVED_FILE_DIR)/Pods-LanyardTests-checkManifestLockResult.txt",
			);
			runOnlyForDeploymentPostprocessing = 0;
			shellPath = /bin/sh;
			shellScript = "diff \"${PODS_PODFILE_DIR_PATH}/Podfile.lock\" \"${PODS_ROOT}/Manifest.lock\" > /dev/null\nif [ $? != 0 ] ; then\n    # print error to STDERR\n    echo \"error: The sandbox is not in sync with the Podfile.lock. Run 'pod install' or update your CocoaPods installation.\" >&2\n    exit 1\nfi\n# This output is used by Xcode 'outputs' to avoid re-running this script phase.\necho \"SUCCESS\" > \"${SCRIPT_OUTPUT_FILE_0}\"\n";
			showEnvVarsInLog = 0;
		};
/* End PBXShellScriptBuildPhase section */

/* Begin PBXSourcesBuildPhase section */
		EAAC6E4721C45580004334E0 /* Sources */ = {
			isa = PBXSourcesBuildPhase;
			buildActionMask = 2147483647;
			files = (
				EA5A748E21FBF1C90028823C /* TestViewController.swift in Sources */,
				EA0DFB2722C457A800136F41 /* Account.swift in Sources */,
				EA6CD74B21D16AAC00DE69BC /* AddUserVC.swift in Sources */,
				EA8CD06121DAB918009528DE /* PageViewController.swift in Sources */,
				EA93FC9321CF250D002A91A0 /* MainViewController.swift in Sources */,
				EA9E0E032253E92A009CCCBF /* ViewController.swift in Sources */,
				EA5A748C21FBEB1A0028823C /* StatusBarNavigationController.swift in Sources */,
				EABFCA7B22AC9B5000D9F597 /* UIKeyboardNotificationData.swift in Sources */,
				EA93FC9721CF2B22002A91A0 /* DetailVC.swift in Sources */,
				EA93FC9521CF27E4002A91A0 /* AddAccountVC.swift in Sources */,
				EA5A748821EACA700028823C /* UISuggestionTextField.swift in Sources */,
				EA0DFB2922C45BBA00136F41 /* Company.swift in Sources */,
				EAAC6E4F21C45580004334E0 /* AppDelegate.swift in Sources */,
				EA6CD74D21D4019300DE69BC /* AddPasswordVC.swift in Sources */,
			);
			runOnlyForDeploymentPostprocessing = 0;
		};
		EAAC6E5B21C45583004334E0 /* Sources */ = {
			isa = PBXSourcesBuildPhase;
			buildActionMask = 2147483647;
			files = (
				EAAC6E6421C45583004334E0 /* LanyardTests.swift in Sources */,
			);
			runOnlyForDeploymentPostprocessing = 0;
		};
/* End PBXSourcesBuildPhase section */

/* Begin PBXTargetDependency section */
		EAAC6E6121C45583004334E0 /* PBXTargetDependency */ = {
			isa = PBXTargetDependency;
			target = EAAC6E4A21C45580004334E0 /* Lanyard */;
			targetProxy = EAAC6E6021C45583004334E0 /* PBXContainerItemProxy */;
		};
/* End PBXTargetDependency section */

/* Begin XCBuildConfiguration section */
		EAAC6E6621C45583004334E0 /* Debug */ = {
			isa = XCBuildConfiguration;
			buildSettings = {
				ALWAYS_SEARCH_USER_PATHS = NO;
				CLANG_ANALYZER_NONNULL = YES;
				CLANG_ANALYZER_NUMBER_OBJECT_CONVERSION = YES_AGGRESSIVE;
				CLANG_CXX_LANGUAGE_STANDARD = "gnu++14";
				CLANG_CXX_LIBRARY = "libc++";
				CLANG_ENABLE_MODULES = YES;
				CLANG_ENABLE_OBJC_ARC = YES;
				CLANG_ENABLE_OBJC_WEAK = YES;
				CLANG_WARN_BLOCK_CAPTURE_AUTORELEASING = YES;
				CLANG_WARN_BOOL_CONVERSION = YES;
				CLANG_WARN_COMMA = YES;
				CLANG_WARN_CONSTANT_CONVERSION = YES;
				CLANG_WARN_DEPRECATED_OBJC_IMPLEMENTATIONS = YES;
				CLANG_WARN_DIRECT_OBJC_ISA_USAGE = YES_ERROR;
				CLANG_WARN_DOCUMENTATION_COMMENTS = YES;
				CLANG_WARN_EMPTY_BODY = YES;
				CLANG_WARN_ENUM_CONVERSION = YES;
				CLANG_WARN_INFINITE_RECURSION = YES;
				CLANG_WARN_INT_CONVERSION = YES;
				CLANG_WARN_NON_LITERAL_NULL_CONVERSION = YES;
				CLANG_WARN_OBJC_IMPLICIT_RETAIN_SELF = YES;
				CLANG_WARN_OBJC_LITERAL_CONVERSION = YES;
				CLANG_WARN_OBJC_ROOT_CLASS = YES_ERROR;
				CLANG_WARN_RANGE_LOOP_ANALYSIS = YES;
				CLANG_WARN_STRICT_PROTOTYPES = YES;
				CLANG_WARN_SUSPICIOUS_MOVE = YES;
				CLANG_WARN_UNGUARDED_AVAILABILITY = YES_AGGRESSIVE;
				CLANG_WARN_UNREACHABLE_CODE = YES;
				CLANG_WARN__DUPLICATE_METHOD_MATCH = YES;
				CODE_SIGN_IDENTITY = "iPhone Developer";
				COPY_PHASE_STRIP = NO;
				DEBUG_INFORMATION_FORMAT = dwarf;
				ENABLE_STRICT_OBJC_MSGSEND = YES;
				ENABLE_TESTABILITY = YES;
				GCC_C_LANGUAGE_STANDARD = gnu11;
				GCC_DYNAMIC_NO_PIC = NO;
				GCC_NO_COMMON_BLOCKS = YES;
				GCC_OPTIMIZATION_LEVEL = 0;
				GCC_PREPROCESSOR_DEFINITIONS = (
					"DEBUG=1",
					"$(inherited)",
				);
				GCC_WARN_64_TO_32_BIT_CONVERSION = YES;
				GCC_WARN_ABOUT_RETURN_TYPE = YES_ERROR;
				GCC_WARN_UNDECLARED_SELECTOR = YES;
				GCC_WARN_UNINITIALIZED_AUTOS = YES_AGGRESSIVE;
				GCC_WARN_UNUSED_FUNCTION = YES;
				GCC_WARN_UNUSED_VARIABLE = YES;
				IPHONEOS_DEPLOYMENT_TARGET = 12.0;
				MTL_ENABLE_DEBUG_INFO = INCLUDE_SOURCE;
				MTL_FAST_MATH = YES;
				ONLY_ACTIVE_ARCH = YES;
				SDKROOT = iphoneos;
				SWIFT_ACTIVE_COMPILATION_CONDITIONS = DEBUG;
				SWIFT_OPTIMIZATION_LEVEL = "-Onone";
				VALIDATE_PRODUCT = YES;
			};
			name = Debug;
		};
		EAAC6E6721C45583004334E0 /* Release */ = {
			isa = XCBuildConfiguration;
			buildSettings = {
				ALWAYS_SEARCH_USER_PATHS = NO;
				CLANG_ANALYZER_NONNULL = YES;
				CLANG_ANALYZER_NUMBER_OBJECT_CONVERSION = YES_AGGRESSIVE;
				CLANG_CXX_LANGUAGE_STANDARD = "gnu++14";
				CLANG_CXX_LIBRARY = "libc++";
				CLANG_ENABLE_MODULES = YES;
				CLANG_ENABLE_OBJC_ARC = YES;
				CLANG_ENABLE_OBJC_WEAK = YES;
				CLANG_WARN_BLOCK_CAPTURE_AUTORELEASING = YES;
				CLANG_WARN_BOOL_CONVERSION = YES;
				CLANG_WARN_COMMA = YES;
				CLANG_WARN_CONSTANT_CONVERSION = YES;
				CLANG_WARN_DEPRECATED_OBJC_IMPLEMENTATIONS = YES;
				CLANG_WARN_DIRECT_OBJC_ISA_USAGE = YES_ERROR;
				CLANG_WARN_DOCUMENTATION_COMMENTS = YES;
				CLANG_WARN_EMPTY_BODY = YES;
				CLANG_WARN_ENUM_CONVERSION = YES;
				CLANG_WARN_INFINITE_RECURSION = YES;
				CLANG_WARN_INT_CONVERSION = YES;
				CLANG_WARN_NON_LITERAL_NULL_CONVERSION = YES;
				CLANG_WARN_OBJC_IMPLICIT_RETAIN_SELF = YES;
				CLANG_WARN_OBJC_LITERAL_CONVERSION = YES;
				CLANG_WARN_OBJC_ROOT_CLASS = YES_ERROR;
				CLANG_WARN_RANGE_LOOP_ANALYSIS = YES;
				CLANG_WARN_STRICT_PROTOTYPES = YES;
				CLANG_WARN_SUSPICIOUS_MOVE = YES;
				CLANG_WARN_UNGUARDED_AVAILABILITY = YES_AGGRESSIVE;
				CLANG_WARN_UNREACHABLE_CODE = YES;
				CLANG_WARN__DUPLICATE_METHOD_MATCH = YES;
				CODE_SIGN_IDENTITY = "iPhone Developer";
				COPY_PHASE_STRIP = NO;
				DEBUG_INFORMATION_FORMAT = "dwarf-with-dsym";
				ENABLE_NS_ASSERTIONS = NO;
				ENABLE_STRICT_OBJC_MSGSEND = YES;
				ENABLE_TESTABILITY = NO;
				GCC_C_LANGUAGE_STANDARD = gnu11;
				GCC_NO_COMMON_BLOCKS = YES;
				GCC_WARN_64_TO_32_BIT_CONVERSION = YES;
				GCC_WARN_ABOUT_RETURN_TYPE = YES_ERROR;
				GCC_WARN_UNDECLARED_SELECTOR = YES;
				GCC_WARN_UNINITIALIZED_AUTOS = YES_AGGRESSIVE;
				GCC_WARN_UNUSED_FUNCTION = YES;
				GCC_WARN_UNUSED_VARIABLE = YES;
				IPHONEOS_DEPLOYMENT_TARGET = 12.0;
				MTL_ENABLE_DEBUG_INFO = NO;
				MTL_FAST_MATH = YES;
				SDKROOT = iphoneos;
				SWIFT_COMPILATION_MODE = wholemodule;
				SWIFT_OPTIMIZATION_LEVEL = "-O";
				VALIDATE_PRODUCT = NO;
			};
			name = Release;
		};
		EAAC6E6921C45583004334E0 /* Debug */ = {
			isa = XCBuildConfiguration;
			baseConfigurationReference = E8B1FDF9B100412D6FD9A175 /* Pods-Lanyard.debug.xcconfig */;
			buildSettings = {
				ASSETCATALOG_COMPILER_APPICON_NAME = AppIcon;
				CODE_SIGN_STYLE = Automatic;
				DEVELOPMENT_TEAM = K2A6VGGX23;
				INFOPLIST_FILE = Lanyard/Info.plist;
				LD_RUNPATH_SEARCH_PATHS = (
					"$(inherited)",
					"@executable_path/Frameworks",
				);
				PRODUCT_BUNDLE_IDENTIFIER = com.example.Lanyard;
				PRODUCT_NAME = "$(TARGET_NAME)";
				SWIFT_VERSION = 5.0;
				TARGETED_DEVICE_FAMILY = "1,2";
			};
			name = Debug;
		};
		EAAC6E6A21C45583004334E0 /* Release */ = {
			isa = XCBuildConfiguration;
			baseConfigurationReference = 175789C33BBD99A60992D8AA /* Pods-Lanyard.release.xcconfig */;
			buildSettings = {
				ASSETCATALOG_COMPILER_APPICON_NAME = AppIcon;
				CODE_SIGN_STYLE = Automatic;
				DEVELOPMENT_TEAM = K2A6VGGX23;
				INFOPLIST_FILE = Lanyard/Info.plist;
				LD_RUNPATH_SEARCH_PATHS = (
					"$(inherited)",
					"@executable_path/Frameworks",
				);
				PRODUCT_BUNDLE_IDENTIFIER = com.example.Lanyard;
				PRODUCT_NAME = "$(TARGET_NAME)";
				SWIFT_VERSION = 5.0;
				TARGETED_DEVICE_FAMILY = "1,2";
			};
			name = Release;
		};
		EAAC6E6C21C45583004334E0 /* Debug */ = {
			isa = XCBuildConfiguration;
			baseConfigurationReference = F52AF075E465067EB4B11069 /* Pods-LanyardTests.debug.xcconfig */;
			buildSettings = {
				ALWAYS_EMBED_SWIFT_STANDARD_LIBRARIES = YES;
				BUNDLE_LOADER = "$(TEST_HOST)";
				CODE_SIGN_STYLE = Automatic;
				DEVELOPMENT_TEAM = K2A6VGGX23;
				INFOPLIST_FILE = LanyardTests/Info.plist;
				LD_RUNPATH_SEARCH_PATHS = (
					"$(inherited)",
					"@executable_path/Frameworks",
					"@loader_path/Frameworks",
				);
				PRODUCT_BUNDLE_IDENTIFIER = com.example.LanyardTests;
				PRODUCT_NAME = "$(TARGET_NAME)";
				SWIFT_VERSION = 5.0;
				TARGETED_DEVICE_FAMILY = "1,2";
				TEST_HOST = "$(BUILT_PRODUCTS_DIR)/Lanyard.app/Lanyard";
			};
			name = Debug;
		};
		EAAC6E6D21C45583004334E0 /* Release */ = {
			isa = XCBuildConfiguration;
			baseConfigurationReference = 9365F6081CC02EBB3B66598D /* Pods-LanyardTests.release.xcconfig */;
			buildSettings = {
				ALWAYS_EMBED_SWIFT_STANDARD_LIBRARIES = YES;
				BUNDLE_LOADER = "$(TEST_HOST)";
				CODE_SIGN_STYLE = Automatic;
				DEVELOPMENT_TEAM = K2A6VGGX23;
				INFOPLIST_FILE = LanyardTests/Info.plist;
				LD_RUNPATH_SEARCH_PATHS = (
					"$(inherited)",
					"@executable_path/Frameworks",
					"@loader_path/Frameworks",
				);
				PRODUCT_BUNDLE_IDENTIFIER = com.example.LanyardTests;
				PRODUCT_NAME = "$(TARGET_NAME)";
				SWIFT_VERSION = 5.0;
				TARGETED_DEVICE_FAMILY = "1,2";
				TEST_HOST = "$(BUILT_PRODUCTS_DIR)/Lanyard.app/Lanyard";
			};
			name = Release;
		};
/* End XCBuildConfiguration section */

/* Begin XCConfigurationList section */
		EAAC6E4621C45580004334E0 /* Build configuration list for PBXProject "Lanyard" */ = {
			isa = XCConfigurationList;
			buildConfigurations = (
				EAAC6E6621C45583004334E0 /* Debug */,
				EAAC6E6721C45583004334E0 /* Release */,
			);
			defaultConfigurationIsVisible = 0;
			defaultConfigurationName = Release;
		};
		EAAC6E6821C45583004334E0 /* Build configuration list for PBXNativeTarget "Lanyard" */ = {
			isa = XCConfigurationList;
			buildConfigurations = (
				EAAC6E6921C45583004334E0 /* Debug */,
				EAAC6E6A21C45583004334E0 /* Release */,
			);
			defaultConfigurationIsVisible = 0;
			defaultConfigurationName = Release;
		};
		EAAC6E6B21C45583004334E0 /* Build configuration list for PBXNativeTarget "LanyardTests" */ = {
			isa = XCConfigurationList;
			buildConfigurations = (
				EAAC6E6C21C45583004334E0 /* Debug */,
				EAAC6E6D21C45583004334E0 /* Release */,
			);
			defaultConfigurationIsVisible = 0;
			defaultConfigurationName = Release;
		};
/* End XCConfigurationList section */
	};
	rootObject = EAAC6E4321C45580004334E0 /* Project object */;
}
